Microsoft Visual Studio Solution File, Format Version 11.00
# Visual Studio 2010
Project("{FAE04EC0-301F-11D3-BF4B-00C04F79EFBC}") = "Assembly-CSharp", "Assembly-CSharp.csproj", "{693EDEF8-2636-46E6-3B5D-D0F47570D237}"
EndProject
Global
	GlobalSection(SolutionConfigurationPlatforms) = preSolution
		Debug|Any CPU = Debug|Any CPU
		Release|Any CPU = Release|Any CPU
	EndGlobalSection
	GlobalSection(ProjectConfigurationPlatforms) = postSolution
		{693EDEF8-2636-46E6-3B5D-D0F47570D237}.Debug|Any CPU.ActiveCfg = Debug|Any CPU
		{693EDEF8-2636-46E6-3B5D-D0F47570D237}.Debug|Any CPU.Build.0 = Debug|Any CPU
		{693EDEF8-2636-46E6-3B5D-D0F47570D237}.Release|Any CPU.ActiveCfg = Release|Any CPU
		{693EDEF8-2636-46E6-3B5D-D0F47570D237}.Release|Any CPU.Build.0 = Release|Any CPU
	EndGlobalSection
	GlobalSection(SolutionProperties) = preSolution
		HideSolutionNode = FALSE
	EndGlobalSection
	GlobalSection(MonoDevelopProperties) = preSolution
		StartupItem = Assembly-CSharp.csproj
	EndGlobalSection
EndGlobal
